
Microsoft Visual Studio Solution File, Format Version 12.00
# Visual Studio Version 17
VisualStudioVersion = 17.8.34309.116
MinimumVisualStudioVersion = 10.0.40219.1
Project("{9A19103F-16F7-4668-BE54-9A1E7A4F7556}") = "BtkAkademi", "WTG\MVC\BtkAkademi\BtkAkademi.csproj", "{C98F97E3-9905-42D0-B90D-D10DFA424A0E}"
EndProject
Global
	GlobalSection(SolutionConfigurationPlatforms) = preSolution
		Debug|Any CPU = Debug|Any CPU
		Release|Any CPU = Release|Any CPU
	EndGlobalSection
	GlobalSection(ProjectConfigurationPlatforms) = postSolution
		{C98F97E3-9905-42D0-B90D-D10DFA424A0E}.Debug|Any CPU.ActiveCfg = Debug|Any CPU
		{C98F97E3-9905-42D0-B90D-D10DFA424A0E}.Debug|Any CPU.Build.0 = Debug|Any CPU
		{C98F97E3-9905-42D0-B90D-D10DFA424A0E}.Release|Any CPU.ActiveCfg = Release|Any CPU
		{C98F97E3-9905-42D0-B90D-D10DFA424A0E}.Release|Any CPU.Build.0 = Release|Any CPU
	EndGlobalSection
	GlobalSection(SolutionProperties) = preSolution
		HideSolutionNode = FALSE
	EndGlobalSection
	GlobalSection(ExtensibilityGlobals) = postSolution
		SolutionGuid = {A505A9F6-38B5-4BF0-A45C-223D096053DF}
	EndGlobalSection
EndGlobal
